
Microsoft Visual Studio Solution File, Format Version 12.00
# Visual Studio 15
VisualStudioVersion = 15.0.27703.2018
MinimumVisualStudioVersion = 10.0.40219.1
Project("{9A19103F-16F7-4668-BE54-9A1E7A4F7556}") = "Host (Console)", "Host\Host (Console).csproj", "{91DED42A-8125-40CF-A064-65857166EED2}"
EndProject
Project("{9A19103F-16F7-4668-BE54-9A1E7A4F7556}") = "Publisher", "Publisher\Publisher.csproj", "{9394FD76-FFD6-419E-85FE-01CE892C72F1}"
EndProject
Project("{9A19103F-16F7-4668-BE54-9A1E7A4F7556}") = "Subscriber", "Subscriber\Subscriber.csproj", "{8D3E908E-4672-471C-A7E1-C6BB9D4FC00F}"
EndProject
Project("{FAE04EC0-301F-11D3-BF4B-00C04F79EFBC}") = "Host (WebApi)", "Host (WebApi)\Host (WebApi).csproj", "{E00ED20B-7A22-483B-A9CF-BC0D48AB2092}"
EndProject
Global
	GlobalSection(SolutionConfigurationPlatforms) = preSolution
		Debug|Any CPU = Debug|Any CPU
		Release|Any CPU = Release|Any CPU
	EndGlobalSection
	GlobalSection(ProjectConfigurationPlatforms) = postSolution
		{91DED42A-8125-40CF-A064-65857166EED2}.Debug|Any CPU.ActiveCfg = Debug|Any CPU
		{91DED42A-8125-40CF-A064-65857166EED2}.Debug|Any CPU.Build.0 = Debug|Any CPU
		{91DED42A-8125-40CF-A064-65857166EED2}.Release|Any CPU.ActiveCfg = Release|Any CPU
		{91DED42A-8125-40CF-A064-65857166EED2}.Release|Any CPU.Build.0 = Release|Any CPU
		{9394FD76-FFD6-419E-85FE-01CE892C72F1}.Debug|Any CPU.ActiveCfg = Debug|Any CPU
		{9394FD76-FFD6-419E-85FE-01CE892C72F1}.Debug|Any CPU.Build.0 = Debug|Any CPU
		{9394FD76-FFD6-419E-85FE-01CE892C72F1}.Release|Any CPU.ActiveCfg = Release|Any CPU
		{9394FD76-FFD6-419E-85FE-01CE892C72F1}.Release|Any CPU.Build.0 = Release|Any CPU
		{8D3E908E-4672-471C-A7E1-C6BB9D4FC00F}.Debug|Any CPU.ActiveCfg = Debug|Any CPU
		{8D3E908E-4672-471C-A7E1-C6BB9D4FC00F}.Debug|Any CPU.Build.0 = Debug|Any CPU
		{8D3E908E-4672-471C-A7E1-C6BB9D4FC00F}.Release|Any CPU.ActiveCfg = Release|Any CPU
		{8D3E908E-4672-471C-A7E1-C6BB9D4FC00F}.Release|Any CPU.Build.0 = Release|Any CPU
		{E00ED20B-7A22-483B-A9CF-BC0D48AB2092}.Debug|Any CPU.ActiveCfg = Debug|Any CPU
		{E00ED20B-7A22-483B-A9CF-BC0D48AB2092}.Debug|Any CPU.Build.0 = Debug|Any CPU
		{E00ED20B-7A22-483B-A9CF-BC0D48AB2092}.Release|Any CPU.ActiveCfg = Release|Any CPU
		{E00ED20B-7A22-483B-A9CF-BC0D48AB2092}.Release|Any CPU.Build.0 = Release|Any CPU
	EndGlobalSection
	GlobalSection(SolutionProperties) = preSolution
		HideSolutionNode = FALSE
	EndGlobalSection
	GlobalSection(ExtensibilityGlobals) = postSolution
		SolutionGuid = {69064598-8950-4028-8B36-942E7F47E7BF}
	EndGlobalSection
EndGlobal
