
Microsoft Visual Studio Solution File, Format Version 12.00
# Visual Studio 15
VisualStudioVersion = 15.0.27703.2018
MinimumVisualStudioVersion = 10.0.40219.1
Project("{FAE04EC0-301F-11D3-BF4B-00C04F79EFBC}") = "Config", "Config\Config.csproj", "{117754ED-C1F8-464C-A801-F58622839088}"
EndProject
Global
	GlobalSection(SolutionConfigurationPlatforms) = preSolution
		Debug|Any CPU = Debug|Any CPU
		Release|Any CPU = Release|Any CPU
	EndGlobalSection
	GlobalSection(ProjectConfigurationPlatforms) = postSolution
		{117754ED-C1F8-464C-A801-F58622839088}.Debug|Any CPU.ActiveCfg = Debug|Any CPU
		{117754ED-C1F8-464C-A801-F58622839088}.Debug|Any CPU.Build.0 = Debug|Any CPU
		{117754ED-C1F8-464C-A801-F58622839088}.Release|Any CPU.ActiveCfg = Release|Any CPU
		{117754ED-C1F8-464C-A801-F58622839088}.Release|Any CPU.Build.0 = Release|Any CPU
	EndGlobalSection
	GlobalSection(SolutionProperties) = preSolution
		HideSolutionNode = FALSE
	EndGlobalSection
	GlobalSection(ExtensibilityGlobals) = postSolution
		SolutionGuid = {9A2AB703-348F-4A44-9311-B80E43395AF4}
	EndGlobalSection
EndGlobal
